
Microsoft Visual Studio Solution File, Format Version 12.00
# Visual Studio Version 16
VisualStudioVersion = 16.0.31229.75
MinimumVisualStudioVersion = 10.0.40219.1
Project("{FAE04EC0-301F-11D3-BF4B-00C04F79EFBC}") = "ADO.NET APPLICATION", "ADO.NET APPLICATION\ADO.NET APPLICATION.csproj", "{C0CB04E9-1B06-4339-997C-2F577B0DFDBF}"
EndProject
Project("{FAE04EC0-301F-11D3-BF4B-00C04F79EFBC}") = "DataAccess", "DataAccess\DataAccess.csproj", "{FB9E78F5-FAB5-4BD9-9D94-2A6912EB335A}"
EndProject
Global
	GlobalSection(SolutionConfigurationPlatforms) = preSolution
		Debug|Any CPU = Debug|Any CPU
		Release|Any CPU = Release|Any CPU
	EndGlobalSection
	GlobalSection(ProjectConfigurationPlatforms) = postSolution
		{C0CB04E9-1B06-4339-997C-2F577B0DFDBF}.Debug|Any CPU.ActiveCfg = Debug|Any CPU
		{C0CB04E9-1B06-4339-997C-2F577B0DFDBF}.Debug|Any CPU.Build.0 = Debug|Any CPU
		{C0CB04E9-1B06-4339-997C-2F577B0DFDBF}.Release|Any CPU.ActiveCfg = Release|Any CPU
		{C0CB04E9-1B06-4339-997C-2F577B0DFDBF}.Release|Any CPU.Build.0 = Release|Any CPU
		{FB9E78F5-FAB5-4BD9-9D94-2A6912EB335A}.Debug|Any CPU.ActiveCfg = Debug|Any CPU
		{FB9E78F5-FAB5-4BD9-9D94-2A6912EB335A}.Debug|Any CPU.Build.0 = Debug|Any CPU
		{FB9E78F5-FAB5-4BD9-9D94-2A6912EB335A}.Release|Any CPU.ActiveCfg = Release|Any CPU
		{FB9E78F5-FAB5-4BD9-9D94-2A6912EB335A}.Release|Any CPU.Build.0 = Release|Any CPU
	EndGlobalSection
	GlobalSection(SolutionProperties) = preSolution
		HideSolutionNode = FALSE
	EndGlobalSection
	GlobalSection(ExtensibilityGlobals) = postSolution
		SolutionGuid = {5ABA2A72-99C1-40F7-ABD6-15FFF1672DF2}
	EndGlobalSection
EndGlobal
